{
  "name": "angular.io-example",
  "version": "0.0.0",
  "lockfileVersion": 3,
  "requires": true,
  "packages": {
    "": {
      "name": "angular.io-example",
      "version": "0.0.0",
      "license": "MIT",
      "dependencies": {
        "@angular/animations": "17.1.3",
        "@angular/common": "17.1.3",
        "@angular/compiler": "17.1.3",
        "@angular/core": "17.1.3",
        "@angular/forms": "17.1.3",
        "@angular/platform-browser": "17.1.3",
        "@angular/platform-browser-dynamic": "17.1.3",
        "@angular/router": "17.1.3",
        "angular-in-memory-web-api": "~0.17.0",
        "rxjs": "~7.8.0",
        "tslib": "^2.3.0",
        "zone.js": "~0.14.0"
      },
      "devDependencies": {
        "@angular-devkit/build-angular": "17.1.3",
        "@angular/cli": "17.1.3",
        "@angular/compiler-cli": "17.1.3",
        "@types/jasmine": "~5.1.0",
        "@types/node": "^16.11.35",
        "copyfiles": "^2.4.1",
        "jasmine-core": "~5.1.0",
        "jasmine-marbles": "~0.9.2",
        "jasmine-spec-reporter": "~7.0.0",
        "karma": "~6.4.0",
        "karma-chrome-launcher": "~3.2.0",
        "karma-coverage": "~2.2.0",
        "karma-jasmine": "~5.1.0",
        "karma-jasmine-html-reporter": "~2.1.0",
        "protractor": "~7.0.0",
        "ts-node": "~10.9.0",
        "typescript": "~4.9.3"
      }
    },
    "node_modules/@ampproject/remapping": {
      "version": "2.2.1",
      "resolved": "https://registry.npmjs.org/@ampproject/remapping/-/remapping-2.2.1.tgz",
      "integrity": "sha512-lFMjJTrFL3j7L9yBxwYfCq2k6qqwHyzuUl/XBnif78PWTJYyL/dfowQHWE3sp6U6ZzqWiiIZnpTMO96zhkjwtg==",
      "dev": true,
      "dependencies": {
        "@jridgewell/gen-mapping": "^0.3.0",
        "@jridgewell/trace-mapping": "^0.3.9"
      },
      "engines": {
        "node": ">=6.0.0"
      }
    },
    "node_modules/@angular-devkit/architect": {
      "version": "0.1701.3",
      "resolved": "https://registry.npmjs.org/@angular-devkit/architect/-/architect-0.1701.3.tgz",
      "integrity": "sha512-K5rvhslbXNwx04cCLviEJCA27MwoJRMMzALFXySi9BqjZnZUOtZnOBuuCdrTPaRmFaYqGO4Im5GNzpbb/NB8zg==",
      "dev": true,
      "dependencies": {
        "@angular-devkit/core": "17.1.3",
        "rxjs": "7.8.1"
      },
      "engines": {
        "node": "^18.13.0 || >=20.9.0",
        "npm": "^6.11.0 || ^7.5.6 || >=8.0.0",
        "yarn": ">= 1.13.0"
      }
    },
    "node_modules/@angular-devkit/build-angular": {
      "version": "17.1.3",
      "resolved": "https://registry.npmjs.org/@angular-devkit/build-angular/-/build-angular-17.1.3.tgz",
      "integrity": "sha512-pusFVSWMnrm2GrF3+Fw19OhA2rNw4WkfTMUruhaKAjW5QIvZ3wHYf+pH//1Ud+tuhFBi9BH7UALP2vnJMu1ehw==",
      "dev": true,
      "dependencies": {
        "@ampproject/remapping": "2.2.1",
        "@angular-devkit/architect": "0.1701.3",
        "@angular-devkit/build-webpack": "0.1701.3",
        "@angular-devkit/core": "17.1.3",
        "@babel/core": "7.23.7",
        "@babel/generator": "7.23.6",
        "@babel/helper-annotate-as-pure": "7.22.5",
        "@babel/helper-split-export-declaration": "7.22.6",
        "@babel/plugin-transform-async-generator-functions": "7.23.7",
        "@babel/plugin-transform-async-to-generator": "7.23.3",
        "@babel/plugin-transform-runtime": "7.23.7",
        "@babel/preset-env": "7.23.7",
        "@babel/runtime": "7.23.7",
        "@discoveryjs/json-ext": "0.5.7",
        "@ngtools/webpack": "17.1.3",
        "@vitejs/plugin-basic-ssl": "1.0.2",
        "ansi-colors": "4.1.3",
        "autoprefixer": "10.4.16",
        "babel-loader": "9.1.3",
        "babel-plugin-istanbul": "6.1.1",
        "browserslist": "^4.21.5",
        "copy-webpack-plugin": "11.0.0",
        "critters": "0.0.20",
        "css-loader": "6.8.1",
        "esbuild-wasm": "0.19.11",
        "fast-glob": "3.3.2",
        "http-proxy-middleware": "2.0.6",
        "https-proxy-agent": "7.0.2",
        "inquirer": "9.2.12",
        "jsonc-parser": "3.2.0",
        "karma-source-map-support": "1.4.0",
        "less": "4.2.0",
        "less-loader": "11.1.0",
        "license-webpack-plugin": "4.0.2",
        "loader-utils": "3.2.1",
        "magic-string": "0.30.5",
        "mini-css-extract-plugin": "2.7.6",
        "mrmime": "2.0.0",
        "open": "8.4.2",
        "ora": "5.4.1",
        "parse5-html-rewriting-stream": "7.0.0",
        "picomatch": "3.0.1",
        "piscina": "4.2.1",
        "postcss": "8.4.33",
        "postcss-loader": "7.3.4",
        "resolve-url-loader": "5.0.0",
        "rxjs": "7.8.1",
        "sass": "1.69.7",
        "sass-loader": "13.3.3",
        "semver": "7.5.4",
        "source-map-loader": "5.0.0",
        "source-map-support": "0.5.21",
        "terser": "5.26.0",
        "text-table": "0.2.0",
        "tree-kill": "1.2.2",
        "tslib": "2.6.2",
        "undici": "6.2.1",
        "vite": "5.0.12",
        "watchpack": "2.4.0",
        "webpack": "5.89.0",
        "webpack-dev-middleware": "6.1.1",
        "webpack-dev-server": "4.15.1",
        "webpack-merge": "5.10.0",
        "webpack-subresource-integrity": "5.1.0"
      },
      "engines": {
        "node": "^18.13.0 || >=20.9.0",
        "npm": "^6.11.0 || ^7.5.6 || >=8.0.0",
        "yarn": ">= 1.13.0"
      },
      "optionalDependencies": {
        "esbuild": "0.19.11"
      },
      "peerDependencies": {
        "@angular/compiler-cli": "^17.0.0",
        "@angular/localize": "^17.0.0",
        "@angular/platform-server": "^17.0.0",
        "@angular/service-worker": "^17.0.0",
        "@web/test-runner": "^0.18.0",
        "browser-sync": "^3.0.2",
        "jest": "^29.5.0",
        "jest-environment-jsdom": "^29.5.0",
        "karma": "^6.3.0",
        "ng-packagr": "^17.0.0",
        "protractor": "^7.0.0",
        "tailwindcss": "^2.0.0 || ^3.0.0",
        "typescript": ">=5.2 <5.4"
      },
      "peerDependenciesMeta": {
        "@angular/localize": {
          "optional": true
        },
        "@angular/platform-server": {
          "optional": true
        },
        "@angular/service-worker": {
          "optional": true
        },
        "@web/test-runner": {
          "optional": true
        },
        "browser-sync": {
          "optional": true
        },
        "jest": {
          "optional": true
        },
        "jest-environment-jsdom": {
          "optional": true
        },
        "karma": {
          "optional": true
        },
        "ng-packagr": {
          "optional": true
        },
        "protractor": {
          "optional": true
        },
        "tailwindcss": {
          "optional": true
        }
      }
    },
    "node_modules/@angular-devkit/build-webpack": {
      "version": "0.1701.3",
      "resolved": "https://registry.npmjs.org/@angular-devkit/build-webpack/-/build-webpack-0.1701.3.tgz",
      "integrity": "sha512-fpZtJf6yvXM7mX1T83caeYpa0e3zPv7sgKmx0ZIJKGL8+DETgNcCCeCTgui7HMBcHGCD8yj72DZ8xMMBWwVBIA==",
      "dev": true,
      "dependencies": {
        "@angular-devkit/architect": "0.1701.3",
        "rxjs": "7.8.1"
      },
      "engines": {
        "node": "^18.13.0 || >=20.9.0",
        "npm": "^6.11.0 || ^7.5.6 || >=8.0.0",
        "yarn": ">= 1.13.0"
      },
      "peerDependencies": {
        "webpack": "^5.30.0",
        "webpack-dev-server": "^4.0.0"
      }
    },
    "node_modules/@angular-devkit/core": {
      "version": "17.1.3",
      "resolved": "https://registry.npmjs.org/@angular-devkit/core/-/core-17.1.3.tgz",
      "integrity": "sha512-iuVK4hyW3YhusxIi8zGBvvVA9pWtDT3H6LQbWdVk9D3jXCZBIrEMklvAiJErqficKnUurf6gtFOeA8Fop6GotA==",
      "dev": true,
      "dependencies": {
        "ajv": "8.12.0",
        "ajv-formats": "2.1.1",
        "jsonc-parser": "3.2.0",
        "picomatch": "3.0.1",
        "rxjs": "7.8.1",
        "source-map": "0.7.4"
      },
      "engines": {
        "node": "^18.13.0 || >=20.9.0",
        "npm": "^6.11.0 || ^7.5.6 || >=8.0.0",
        "yarn": ">= 1.13.0"
      },
      "peerDependencies": {
        "chokidar": "^3.5.2"
      },
      "peerDependenciesMeta": {
        "chokidar": {
          "optional": true
        }
      }
    },
    "node_modules/@angular-devkit/schematics": {
      "version": "17.1.3",
      "resolved": "https://registry.npmjs.org/@angular-devkit/schematics/-/schematics-17.1.3.tgz",
      "integrity": "sha512-zKoWG1hDfvi1vR9Hqoca9hWo9vDg8evmQvGcBW5jXR5ndZi5Oit/uDcGdA8WUKvBd1EG7WMqp0FgcDR9EA9WCw==",
      "dev": true,
      "dependencies": {
        "@angular-devkit/core": "17.1.3",
        "jsonc-parser": "3.2.0",
        "magic-string": "0.30.5",
        "ora": "5.4.1",
        "rxjs": "7.8.1"
      },
      "engines": {
        "node": "^18.13.0 || >=20.9.0",
        "npm": "^6.11.0 || ^7.5.6 || >=8.0.0",
        "yarn": ">= 1.13.0"
      }
    },
    "node_modules/@angular/animations": {
      "version": "17.1.3",
      "resolved": "https://registry.npmjs.org/@angular/animations/-/animations-17.1.3.tgz",
      "integrity": "sha512-AS9CHOjjKqkuAzlKEMJfAkZfkIdSoagB3D8HwvH+ZHo6GVJc9KbtLQn/okNijFK+Fg7QK/hYbQ3lJhjgk0GQDA==",
      "dependencies": {
        "tslib": "^2.3.0"
      },
      "engines": {
        "node": "^18.13.0 || >=20.9.0"
      },
      "peerDependencies": {
        "@angular/core": "17.1.3"
      }
    },
    "node_modules/@angular/cli": {
      "version": "17.1.3",
      "resolved": "https://registry.npmjs.org/@angular/cli/-/cli-17.1.3.tgz",
      "integrity": "sha512-ysPWDdqo2cwfeskKVAg8p4C8xuezWcIWyW/ACSjWw6yp4OZvyVd6cGZrc0POVZzAPtTOYJSgWOpF/DCHQFluSg==",
      "dev": true,
      "dependencies": {
        "@angular-devkit/architect": "0.1701.3",
        "@angular-devkit/core": "17.1.3",
        "@angular-devkit/schematics": "17.1.3",
        "@schematics/angular": "17.1.3",
        "@yarnpkg/lockfile": "1.1.0",
        "ansi-colors": "4.1.3",
        "ini": "4.1.1",
        "inquirer": "9.2.12",
        "jsonc-parser": "3.2.0",
        "npm-package-arg": "11.0.1",
        "npm-pick-manifest": "9.0.0",
        "open": "8.4.2",
        "ora": "5.4.1",
        "pacote": "17.0.5",
        "resolve": "1.22.8",
        "semver": "7.5.4",
        "symbol-observable": "4.0.0",
        "yargs": "17.7.2"
      },
      "bin": {
        "ng": "bin/ng.js"
      },
      "engines": {
        "node": "^18.13.0 || >=20.9.0",
        "npm": "^6.11.0 || ^7.5.6 || >=8.0.0",
        "yarn": ">= 1.13.0"
      }
    },
    "node_modules/@angular/common": {
      "version": "17.1.3",
      "resolved": "https://registry.npmjs.org/@angular/common/-/common-17.1.3.tgz",
      "integrity": "sha512-AzLzoNSeRSNGBQk0K+iG0XdYG36SDeJqYqE8rfoiWuv1NDFLL05UJM2/fQfaMNg0oX5bHOlHUqHFj3sFR/NVpw==",
      "dependencies": {
        "tslib": "^2.3.0"
      },
      "engines": {
        "node": "^18.13.0 || >=20.9.0"
      },
      "peerDependencies": {
        "@angular/core": "17.1.3",
        "rxjs": "^6.5.3 || ^7.4.0"
      }
    },
    "node_modules/@angular/compiler": {
      "version": "17.1.3",
      "resolved": "https://registry.npmjs.org/@angular/compiler/-/compiler-17.1.3.tgz",
      "integrity": "sha512-k/s21gPPKStxVOLr6l4Y145OIxyBY7BhTPVOl/qEAgE+IcZ9vkiA8dYl8yjL884Kl1ZKPmFA3AofMJjWjZGNag==",
      "dependencies": {
        "tslib": "^2.3.0"
      },
      "engines": {
        "node": "^18.13.0 || >=20.9.0"
      },
      "peerDependencies": {
        "@angular/core": "17.1.3"
      },
      "peerDependenciesMeta": {
        "@angular/core": {
          "optional": true
        }
      }
    },
    "node_modules/@angular/compiler-cli": {
      "version": "17.1.3",
      "resolved": "https://registry.npmjs.org/@angular/compiler-cli/-/compiler-cli-17.1.3.tgz",
      "integrity": "sha512-bNDHXo3Twub0BZK9OmXly+0REs0RuR1SUXlTAeq+0XubCvnBDvpg9peL7UTTGS5YRo9sUTBnR6faSUA1F5objQ==",
      "dev": true,
      "dependencies": {
        "@babel/core": "7.23.2",
        "@jridgewell/sourcemap-codec": "^1.4.14",
        "chokidar": "^3.0.0",
        "convert-source-map": "^1.5.1",
        "reflect-metadata": "^0.1.2",
        "semver": "^7.0.0",
        "tslib": "^2.3.0",
        "yargs": "^17.2.1"
      },
      "bin": {
        "ng-xi18n": "bundles/src/bin/ng_xi18n.js",
        "ngc": "bundles/src/bin/ngc.js",
        "ngcc": "bundles/ngcc/index.js"
      },
      "engines": {
        "node": "^18.13.0 || >=20.9.0"
      },
      "peerDependencies": {
        "@angular/compiler": "17.1.3",
        "typescript": ">=5.2 <5.4"
      }
    },
    "node_modules/@angular/compiler-cli/node_modules/@babel/core": {
      "version": "7.23.2",
      "resolved": "https://registry.npmjs.org/@babel/core/-/core-7.23.2.tgz",
      "integrity": "sha512-n7s51eWdaWZ3vGT2tD4T7J6eJs3QoBXydv7vkUM06Bf1cbVD2Kc2UrkzhiQwobfV7NwOnQXYL7UBJ5VPU+RGoQ==",
      "dev": true,
      "dependencies": {
        "@ampproject/remapping": "^2.2.0",
        "@babel/code-frame": "^7.22.13",
        "@babel/generator": "^7.23.0",
        "@babel/helper-compilation-targets": "^7.22.15",
        "@babel/helper-module-transforms": "^7.23.0",
        "@babel/helpers": "^7.23.2",
        "@babel/parser": "^7.23.0",
        "@babel/template": "^7.22.15",
        "@babel/traverse": "^7.23.2",
        "@babel/types": "^7.23.0",
        "convert-source-map": "^2.0.0",
        "debug": "^4.1.0",
        "gensync": "^1.0.0-beta.2",
        "json5": "^2.2.3",
        "semver": "^6.3.1"
      },
      "engines": {
        "node": ">=6.9.0"
      },
      "funding": {
        "type": "opencollective",
        "url": "https://opencollective.com/babel"
      }
    },
    "node_modules/@angular/compiler-cli/node_modules/@babel/core/node_modules/convert-source-map": {
      "version": "2.0.0",
      "resolved": "https://registry.npmjs.org/convert-source-map/-/convert-source-map-2.0.0.tgz",
      "integrity": "sha512-Kvp459HrV2FEJ1CAsi1Ku+MY3kasH19TFykTz2xWmMeq6bk2NU3XXvfJ+Q61m0xktWwt+1HSYf3JZsTms3aRJg==",
      "dev": true
    },
    "node_modules/@angular/compiler-cli/node_modules/@babel/core/node_modules/semver": {
      "version": "6.3.1",
      "resolved": "https://registry.npmjs.org/semver/-/semver-6.3.1.tgz",
      "integrity": "sha512-BR7VvDCVHO+q2xBEWskxS6DJE1qRnb7DxzUrogb71CWoSficBxYsiAGd+Kl0mmq/MprG9yArRkyrQxTO6XjMzA==",
      "dev": true,
      "bin": {
        "semver": "bin/semver.js"
      }
    },
    "node_modules/@angular/core": {
      "version": "17.1.3",
      "resolved": "https://registry.npmjs.org/@angular/core/-/core-17.1.3.tgz",
      "integrity": "sha512-2lZ4DRHN8KJ/aQads+YXIcx5Ri9yyeFIlw69m5Pn7wAi/+Rakg7IsclgLaWs7aBtWwMHG7LnqFKxAVq7CjXKtA==",
      "dependencies": {
        "tslib": "^2.3.0"
      },
      "engines": {
        "node": "^18.13.0 || >=20.9.0"
      },
      "peerDependencies": {
        "rxjs": "^6.5.3 || ^7.4.0",
        "zone.js": "~0.14.0"
      }
    },
    "node_modules/@angular/forms": {
      "version": "17.1.3",
      "resolved": "https://registry.npmjs.org/@angular/forms/-/forms-17.1.3.tgz",
      "integrity": "sha512-aNa0jGLT5d+hnKVrSo8tk3TRo/NLNu1RxLNx8RhIczKAeCK3eD8SvTMy27iJtyXmNG2GWN7QPiDeGepd75nbxQ==",
      "dependencies": {
        "tslib": "^2.3.0"
      },
      "engines": {
        "node": "^18.13.0 || >=20.9.0"
      },
      "peerDependencies": {
        "@angular/common": "17.1.3",
        "@angular/core": "17.1.3",
        "@angular/platform-browser": "17.1.3",
        "rxjs": "^6.5.3 || ^7.4.0"
      }
    },
    "node_modules/@angular/platform-browser": {
      "version": "17.1.3",
      "resolved": "https://registry.npmjs.org/@angular/platform-browser/-/platform-browser-17.1.3.tgz",
      "integrity": "sha512-onPCvdk9f/6OhOo2zP6nfGKpzLma1QIxpFqD3jymbmIJTcVMOOQDMYW3eLtY+uSX8ribcJ7GQcbDGIM4rliTFg==",
      "dependencies": {
        "tslib": "^2.3.0"
      },
      "engines": {
        "node": "^18.13.0 || >=20.9.0"
      },
      "peerDependencies": {
        "@angular/animations": "17.1.3",
        "@angular/common": "17.1.3",
        "@angular/core": "17.1.3"
      },
      "peerDependenciesMeta": {
        "@angular/animations": {
          "optional": true
        }
      }
    },
    "node_modules/@angular/platform-browser-dynamic": {
      "version": "17.1.3",
      "resolved": "https://registry.npmjs.org/@angular/platform-browser-dynamic/-/platform-browser-dynamic-17.1.3.tgz",
      "integrity": "sha512-0lFhcFJfDzCSSVe8l8OY+UgUiwUwcbxwpvLod3XWBpf1iEUlr5720FIMA3VJYwpW3Oj4Uey3nVm13EMtRqpqdA==",
      "dependencies": {
        "tslib": "^2.3.0"
      },
      "engines": {
        "node": "^18.13.0 || >=20.9.0"
      },
      "peerDependencies": {
        "@angular/common": "17.1.3",
        "@angular/compiler": "17.1.3",
        "@angular/core": "17.1.3",
        "@angular/platform-browser": "17.1.3"
      }
    },
    "node_modules/@angular/router": {
      "version": "17.1.3",
      "resolved": "https://registry.npmjs.org/@angular/router/-/router-17.1.3.tgz",
      "integrity": "sha512-6HigdtFjm+76UU2hiLGLE2SpOecQhD6TnAVTocDuRitpN5m0dyiffBrqxarfNwoZuMdIiXyqClJR4JRo1rJjoQ==",
      "dependencies": {
        "tslib": "^2.3.0"
      },
      "engines": {
        "node": "^18.13.0 || >=20.9.0"
      },
      "peerDependencies": {
        "@angular/common": "17.1.3",
        "@angular/core": "17.1.3",
        "@angular/platform-browser": "17.1.3",
        "rxjs": "^6.5.3 || ^7.4.0"
      }
    },
    "node_modules/@assemblyscript/loader": {
      "version": "0.10.1",
      "resolved": "https://registry.npmjs.org/@assemblyscript/loader/-/loader-0.10.1.tgz",
      "integrity": "sha512-H71nDOOL8Y7kWRLqf6Sums+01Q5msqBW2KhDUTemh1tvY04eSkSXrK0uj/4mmY0Xr16/3zyZmsrxN7CKuRbNRg==",
      "dev": true
    },
    "node_modules/@babel/code-frame": {
      "version": "7.23.5",
      "resolved": "https://registry.npmjs.org/@babel/code-frame/-/code-frame-7.23.5.tgz",
      "integrity": "sha512-CgH3s1a96LipHCmSUmYFPwY7MNx8C3avkq7i4Wl3cfa662ldtUe4VM1TPXX70pfmrlWTb6jLqTYrZyT2ZTJBgA==",
      "dev": true,
      "dependencies": {
        "@babel/highlight": "^7.23.4",
        "chalk": "^2.4.2"
      },
      "engines": {
        "node": ">=6.9.0"
      }
    },
    "node_modules/@babel/compat-data": {
      "version": "7.23.5",
      "resolved": "https://registry.npmjs.org/@babel/compat-data/-/compat-data-7.23.5.tgz",
      "integrity": "sha512-uU27kfDRlhfKl+w1U6vp16IuvSLtjAxdArVXPa9BvLkrr7CYIsxH5adpHObeAGY/41+syctUWOZ140a2Rvkgjw==",
      "dev": true,
      "engines": {
        "node": ">=6.9.0"
      }
    },
    "node_modules/@babel/core": {
      "version": "7.23.7",
      "resolved": "https://registry.npmjs.org/@babel/core/-/core-7.23.7.tgz",
      "integrity": "sha512-+UpDgowcmqe36d4NwqvKsyPMlOLNGMsfMmQ5WGCu+siCe3t3dfe9njrzGfdN4qq+bcNUt0+Vw6haRxBOycs4dw==",
      "dev": true,
      "dependencies": {
        "@ampproject/remapping": "^2.2.0",
        "@babel/code-frame": "^7.23.5",
        "@babel/generator": "^7.23.6",
        "@babel/helper-compilation-targets": "^7.23.6",
        "@babel/helper-module-transforms": "^7.23.3",
        "@babel/helpers": "^7.23.7",
        "@babel/parser": "^7.23.6",
        "@babel/template": "^7.22.15",
        "@babel/traverse": "^7.23.7",
        "@babel/types": "^7.23.6",
        "convert-source-map": "^2.0.0",
        "debug": "^4.1.0",
        "gensync": "^1.0.0-beta.2",
        "json5": "^2.2.3",
        "semver": "^6.3.1"
      },
      "engines": {
        "node": ">=6.9.0"
      },
      "funding": {
        "type": "opencollective",
        "url": "https://opencollective.com/babel"
      }
    },
    "node_modules/@babel/core/node_modules/convert-source-map": {
      "version": "2.0.0",
      "resolved": "https://registry.npmjs.org/convert-source-map/-/convert-source-map-2.0.0.tgz",
      "integrity": "sha512-Kvp459HrV2FEJ1CAsi1Ku+MY3kasH19TFykTz2xWmMeq6bk2NU3XXvfJ+Q61m0xktWwt+1HSYf3JZsTms3aRJg==",
      "dev": true
    },
    "node_modules/@babel/core/node_modules/semver": {
      "version": "6.3.1",
      "resolved": "https://registry.npmjs.org/semver/-/semver-6.3.1.tgz",
      "integrity": "sha512-BR7VvDCVHO+q2xBEWskxS6DJE1qRnb7DxzUrogb71CWoSficBxYsiAGd+Kl0mmq/MprG9yArRkyrQxTO6XjMzA==",
      "dev": true,
      "bin": {
        "semver": "bin/semver.js"
      }
    },
    "node_modules/@babel/generator": {
      "version": "7.23.6",
      "resolved": "https://registry.npmjs.org/@babel/generator/-/generator-7.23.6.tgz",
      "integrity": "sha512-qrSfCYxYQB5owCmGLbl8XRpX1ytXlpueOb0N0UmQwA073KZxejgQTzAmJezxvpwQD9uGtK2shHdi55QT+MbjIw==",
      "dev": true,
      "dependencies": {
        "@babel/types": "^7.23.6",
        "@jridgewell/gen-mapping": "^0.3.2",
        "@jridgewell/trace-mapping": "^0.3.17",
        "jsesc": "^2.5.1"
      },
      "engines": {
        "node": ">=6.9.0"
      }
    },
    "node_modules/@babel/helper-annotate-as-pure": {
      "version": "7.22.5",
      "resolved": "https://registry.npmjs.org/@babel/helper-annotate-as-pure/-/helper-annotate-as-pure-7.22.5.tgz",
      "integrity": "sha512-LvBTxu8bQSQkcyKOU+a1btnNFQ1dMAd0R6PyW3arXes06F6QLWLIrd681bxRPIXlrMGR3XYnW9JyML7dP3qgxg==",
      "dev": true,
      "dependencies": {
        "@babel/types": "^7.22.5"
      },
      "engines": {
        "node": ">=6.9.0"
      }
    },
    "node_modules/@babel/helper-builder-binary-assignment-operator-visitor": {
      "version": "7.22.15",
      "resolved": "https://registry.npmjs.org/@babel/helper-builder-binary-assignment-operator-visitor/-/helper-builder-binary-assignment-operator-visitor-7.22.15.tgz",
      "integrity": "sha512-QkBXwGgaoC2GtGZRoma6kv7Szfv06khvhFav67ZExau2RaXzy8MpHSMO2PNoP2XtmQphJQRHFfg77Bq731Yizw==",
      "dev": true,
      "dependencies": {
        "@babel/types": "^7.22.15"
      },
      "engines": {
        "node": ">=6.9.0"
      }
    },
    "node_modules/@babel/helper-compilation-targets": {
      "version": "7.23.6",
      "resolved": "https://registry.npmjs.org/@babel/helper-compilation-targets/-/helper-compilation-targets-7.23.6.tgz",
      "integrity": "sha512-9JB548GZoQVmzrFgp8o7KxdgkTGm6xs9DW0o/Pim72UDjzr5ObUQ6ZzYPqA+g9OTS2bBQoctLJrky0RDCAWRgQ==",
      "dev": true,
      "dependencies": {
        "@babel/compat-data": "^7.23.5",
        "@babel/helper-validator-option": "^7.23.5",
        "browserslist": "^4.22.2",
        "lru-cache": "^5.1.1",
        "semver": "^6.3.1"
      },
      "engines": {
        "node": ">=6.9.0"
      }
    },
    "node_modules/@babel/helper-compilation-targets/node_modules/semver": {
      "version": "6.3.1",
      "resolved": "https://registry.npmjs.org/semver/-/semver-6.3.1.tgz",
      "integrity": "sha512-BR7VvDCVHO+q2xBEWskxS6DJE1qRnb7DxzUrogb71CWoSficBxYsiAGd+Kl0mmq/MprG9yArRkyrQxTO6XjMzA==",
      "dev": true,
      "bin": {
        "semver": "bin/semver.js"
      }
    },
    "node_modules/@babel/helper-create-class-features-plugin": {
      "version": "7.23.10",
      "resolved": "https://registry.npmjs.org/@babel/helper-create-class-features-plugin/-/helper-create-class-features-plugin-7.23.10.tgz",
      "integrity": "sha512-2XpP2XhkXzgxecPNEEK8Vz8Asj9aRxt08oKOqtiZoqV2UGZ5T+EkyP9sXQ9nwMxBIG34a7jmasVqoMop7VdPUw==",
      "dev": true,
      "dependencies": {
        "@babel/helper-annotate-as-pure": "^7.22.5",
        "@babel/helper-environment-visitor": "^7.22.20",
        "@babel/helper-function-name": "^7.23.0",
        "@babel/helper-member-expression-to-functions": "^7.23.0",
        "@babel/helper-optimise-call-expression": "^7.22.5",
        "@babel/helper-replace-supers": "^7.22.20",
        "@babel/helper-skip-transparent-expression-wrappers": "^7.22.5",
        "@babel/helper-split-export-declaration": "^7.22.6",
        "semver": "^6.3.1"
      },
      "engines": {
        "node": ">=6.9.0"
      },
      "peerDependencies": {
        "@babel/core": "^7.0.0"
      }
    },
    "node_modules/@babel/helper-create-class-features-plugin/node_modules/semver": {
      "version": "6.3.1",
      "resolved": "https://registry.npmjs.org/semver/-/semver-6.3.1.tgz",
      "integrity": "sha512-BR7VvDCVHO+q2xBEWskxS6DJE1qRnb7DxzUrogb71CWoSficBxYsiAGd+Kl0mmq/MprG9yArRkyrQxTO6XjMzA==",
      "dev": true,
